// !$*UTF8*$!
{
	archiveVersion = 1;
	classes = {
	};
	objectVersion = 46;
	objects = {

/* Begin PBXBuildFile section */
		F91FB99818F3237C00B7F8D7 /* expandR.png in Resources */ = {isa = PBXBuildFile; fileRef = F91FB99718F3237C00B7F8D7 /* expandR.png */; };
		F91FB99B18F33B9700B7F8D7 /* TeachersNavigationController.m in Sources */ = {isa = PBXBuildFile; fileRef = F91FB99A18F33B9700B7F8D7 /* TeachersNavigationController.m */; };
		F91FB99D18F33E4800B7F8D7 /* navigation.jpg in Resources */ = {isa = PBXBuildFile; fileRef = F91FB99C18F33E4800B7F8D7 /* navigation.jpg */; };
		F91FB9F018F4254F00B7F8D7 /* TeachersDetailsViewController.m in Sources */ = {isa = PBXBuildFile; fileRef = F91FB9EF18F4254F00B7F8D7 /* TeachersDetailsViewController.m */; };
		F91FBA4818F6011000B7F8D7 /* CoursesDetailsCollectionView.m in Sources */ = {isa = PBXBuildFile; fileRef = F91FBA4718F6011000B7F8D7 /* CoursesDetailsCollectionView.m */; };
		F91FBA5018F622D300B7F8D7 /* MessageUI.framework in Frameworks */ = {isa = PBXBuildFile; fileRef = F91FBA4F18F622D300B7F8D7 /* MessageUI.framework */; };
		F91FBA6218FDAB6900B7F8D7 /* Teacher+init.m in Sources */ = {isa = PBXBuildFile; fileRef = F91FBA6118FDAB6900B7F8D7 /* Teacher+init.m */; };
		F91FBA6518FDAE9F00B7F8D7 /* Course+init.m in Sources */ = {isa = PBXBuildFile; fileRef = F91FBA6418FDAE9F00B7F8D7 /* Course+init.m */; };
		F91FBA7618FDD10000B7F8D7 /* CoreData.framework in Frameworks */ = {isa = PBXBuildFile; fileRef = F91FBA7518FDD10000B7F8D7 /* CoreData.framework */; };
		F923C36E18F0B2D80065C5EB /* CoursesViewController.m in Sources */ = {isa = PBXBuildFile; fileRef = F923C36D18F0B2D80065C5EB /* CoursesViewController.m */; };
		F923C37318F0B59D0065C5EB /* algebra.jpg in Resources */ = {isa = PBXBuildFile; fileRef = F923C36F18F0B59D0065C5EB /* algebra.jpg */; };
		F923C37418F0B59D0065C5EB /* c.png in Resources */ = {isa = PBXBuildFile; fileRef = F923C37018F0B59D0065C5EB /* c.png */; };
		F923C37518F0B59D0065C5EB /* calculus.jpg in Resources */ = {isa = PBXBuildFile; fileRef = F923C37118F0B59D0065C5EB /* calculus.jpg */; };
		F923C37618F0B59D0065C5EB /* chimestry.jpg in Resources */ = {isa = PBXBuildFile; fileRef = F923C37218F0B59D0065C5EB /* chimestry.jpg */; };
		F923C37918F0BCD80065C5EB /* UpdatesViewController.m in Sources */ = {isa = PBXBuildFile; fileRef = F923C37818F0BCD80065C5EB /* UpdatesViewController.m */; };
		F923C38118F0C0690065C5EB /* updates.png in Resources */ = {isa = PBXBuildFile; fileRef = F923C38018F0C0690065C5EB /* updates.png */; };
		F923C38318F0DF320065C5EB /* expand.png in Resources */ = {isa = PBXBuildFile; fileRef = F923C38218F0DF320065C5EB /* expand.png */; };
		F9302FC118EE499B0064E984 /* Foundation.framework in Frameworks */ = {isa = PBXBuildFile; fileRef = F9302FC018EE499B0064E984 /* Foundation.framework */; };
		F9302FC318EE499B0064E984 /* CoreGraphics.framework in Frameworks */ = {isa = PBXBuildFile; fileRef = F9302FC218EE499B0064E984 /* CoreGraphics.framework */; };
		F9302FC518EE499B0064E984 /* UIKit.framework in Frameworks */ = {isa = PBXBuildFile; fileRef = F9302FC418EE499B0064E984 /* UIKit.framework */; };
		F9302FCB18EE499B0064E984 /* InfoPlist.strings in Resources */ = {isa = PBXBuildFile; fileRef = F9302FC918EE499B0064E984 /* InfoPlist.strings */; };
		F9302FCD18EE499B0064E984 /* main.m in Sources */ = {isa = PBXBuildFile; fileRef = F9302FCC18EE499B0064E984 /* main.m */; };
		F9302FD118EE499B0064E984 /* LandaAppDelegate.m in Sources */ = {isa = PBXBuildFile; fileRef = F9302FD018EE499B0064E984 /* LandaAppDelegate.m */; };
		F9302FD418EE499B0064E984 /* Main.storyboard in Resources */ = {isa = PBXBuildFile; fileRef = F9302FD218EE499B0064E984 /* Main.storyboard */; };
		F9302FE018EE499B0064E984 /* XCTest.framework in Frameworks */ = {isa = PBXBuildFile; fileRef = F9302FDF18EE499B0064E984 /* XCTest.framework */; };
		F9302FE118EE499B0064E984 /* Foundation.framework in Frameworks */ = {isa = PBXBuildFile; fileRef = F9302FC018EE499B0064E984 /* Foundation.framework */; };
		F9302FE218EE499B0064E984 /* UIKit.framework in Frameworks */ = {isa = PBXBuildFile; fileRef = F9302FC418EE499B0064E984 /* UIKit.framework */; };
		F9302FEA18EE499B0064E984 /* InfoPlist.strings in Resources */ = {isa = PBXBuildFile; fileRef = F9302FE818EE499B0064E984 /* InfoPlist.strings */; };
		F9302FEC18EE499B0064E984 /* LandaTests.m in Sources */ = {isa = PBXBuildFile; fileRef = F9302FEB18EE499B0064E984 /* LandaTests.m */; };
		F9302FFB18EE49C00064E984 /* 7amed.jpg in Resources */ = {isa = PBXBuildFile; fileRef = F9302FF518EE49C00064E984 /* 7amed.jpg */; };
		F9302FFC18EE49C00064E984 /* aiman.jpg in Resources */ = {isa = PBXBuildFile; fileRef = F9302FF618EE49C00064E984 /* aiman.jpg */; };
		F9302FFD18EE49C00064E984 /* hasan.jpg in Resources */ = {isa = PBXBuildFile; fileRef = F9302FF718EE49C00064E984 /* hasan.jpg */; };
		F9302FFE18EE49C00064E984 /* mothana.jpg in Resources */ = {isa = PBXBuildFile; fileRef = F9302FF818EE49C00064E984 /* mothana.jpg */; };
		F9302FFF18EE49C00064E984 /* muhammad.jpg in Resources */ = {isa = PBXBuildFile; fileRef = F9302FF918EE49C00064E984 /* muhammad.jpg */; };
		F930300018EE49C00064E984 /* ward.jpg in Resources */ = {isa = PBXBuildFile; fileRef = F9302FFA18EE49C00064E984 /* ward.jpg */; };
		F930300418EE4A5C0064E984 /* TeachersViewController.m in Sources */ = {isa = PBXBuildFile; fileRef = F930300318EE4A5C0064E984 /* TeachersViewController.m */; };
		F930300718EE4B9D0064E984 /* TeacherCollectionViewCell.m in Sources */ = {isa = PBXBuildFile; fileRef = F930300618EE4B9D0064E984 /* TeacherCollectionViewCell.m */; };
		F930300918EE4E880064E984 /* thrwat.jpg in Resources */ = {isa = PBXBuildFile; fileRef = F930300818EE4E880064E984 /* thrwat.jpg */; };
		F930300C18EE51C00064E984 /* TabBarSettingsViewController.m in Sources */ = {isa = PBXBuildFile; fileRef = F930300B18EE51C00064E984 /* TabBarSettingsViewController.m */; };
		F932380C192908C70066328A /* Parse.framework in Frameworks */ = {isa = PBXBuildFile; fileRef = F932380B192908C70066328A /* Parse.framework */; };
		F932380E192908D60066328A /* AudioToolbox.framework in Frameworks */ = {isa = PBXBuildFile; fileRef = F932380D192908D60066328A /* AudioToolbox.framework */; };
		F9323810192908E00066328A /* CFNetwork.framework in Frameworks */ = {isa = PBXBuildFile; fileRef = F932380F192908E00066328A /* CFNetwork.framework */; };
		F9323812192908F70066328A /* CoreLocation.framework in Frameworks */ = {isa = PBXBuildFile; fileRef = F9323811192908F70066328A /* CoreLocation.framework */; };
		F9323814192908FE0066328A /* libz.dylib in Frameworks */ = {isa = PBXBuildFile; fileRef = F9323813192908FE0066328A /* libz.dylib */; };
		F9323816192909060066328A /* MobileCoreServices.framework in Frameworks */ = {isa = PBXBuildFile; fileRef = F9323815192909060066328A /* MobileCoreServices.framework */; };
		F93238181929090E0066328A /* QuartzCore.framework in Frameworks */ = {isa = PBXBuildFile; fileRef = F93238171929090E0066328A /* QuartzCore.framework */; };
		F932381A192909140066328A /* Security.framework in Frameworks */ = {isa = PBXBuildFile; fileRef = F9323819192909140066328A /* Security.framework */; };
		F932381C1929091B0066328A /* StoreKit.framework in Frameworks */ = {isa = PBXBuildFile; fileRef = F932381B1929091B0066328A /* StoreKit.framework */; };
		F932381E192909230066328A /* SystemConfiguration.framework in Frameworks */ = {isa = PBXBuildFile; fileRef = F932381D192909230066328A /* SystemConfiguration.framework */; };
		F954E6A7193FAFF0004F0C00 /* HelpFunc.m in Sources */ = {isa = PBXBuildFile; fileRef = F954E6A6193FAFF0004F0C00 /* HelpFunc.m */; };
		F954E7101940B9D9004F0C00 /* Update.m in Sources */ = {isa = PBXBuildFile; fileRef = F954E70F1940B9D9004F0C00 /* Update.m */; };
		F954E7201940D7CB004F0C00 /* NSMutableArray+SWUtilityButtons.m in Sources */ = {isa = PBXBuildFile; fileRef = F954E7151940D7CB004F0C00 /* NSMutableArray+SWUtilityButtons.m */; };
		F954E7211940D7CB004F0C00 /* SWCellScrollView.m in Sources */ = {isa = PBXBuildFile; fileRef = F954E7171940D7CB004F0C00 /* SWCellScrollView.m */; };
		F954E7221940D7CB004F0C00 /* SWLongPressGestureRecognizer.m in Sources */ = {isa = PBXBuildFile; fileRef = F954E7191940D7CB004F0C00 /* SWLongPressGestureRecognizer.m */; };
		F954E7231940D7CB004F0C00 /* SWTableViewCell.m in Sources */ = {isa = PBXBuildFile; fileRef = F954E71B1940D7CB004F0C00 /* SWTableViewCell.m */; };
		F954E7241940D7CB004F0C00 /* SWUtilityButtonTapGestureRecognizer.m in Sources */ = {isa = PBXBuildFile; fileRef = F954E71D1940D7CB004F0C00 /* SWUtilityButtonTapGestureRecognizer.m */; };
		F954E7251940D7CB004F0C00 /* SWUtilityButtonView.m in Sources */ = {isa = PBXBuildFile; fileRef = F954E71F1940D7CB004F0C00 /* SWUtilityButtonView.m */; };
		F954E72B1940DA44004F0C00 /* UpdatesUITableViewCell.m in Sources */ = {isa = PBXBuildFile; fileRef = F954E72A1940DA44004F0C00 /* UpdatesUITableViewCell.m */; };
		F95ACAAE19394FC100E546FB /* courses.png in Resources */ = {isa = PBXBuildFile; fileRef = F95ACAAD19394FC100E546FB /* courses.png */; };
		F95ACAB2193951E600E546FB /* grayColor.jpg in Resources */ = {isa = PBXBuildFile; fileRef = F95ACAB1193951E600E546FB /* grayColor.jpg */; };
		F95ACAB5193952BF00E546FB /* tabbar.png in Resources */ = {isa = PBXBuildFile; fileRef = F95ACAB3193952BF00E546FB /* tabbar.png */; };
		F95ACAB6193952BF00E546FB /* tabbar@2x.png in Resources */ = {isa = PBXBuildFile; fileRef = F95ACAB4193952BF00E546FB /* tabbar@2x.png */; };
		F95ACACC193A6E8100E546FB /* Model.xcdatamodeld in Sources */ = {isa = PBXBuildFile; fileRef = F95ACACA193A6E8100E546FB /* Model.xcdatamodeld */; };
		F95ACADE193A714100E546FB /* TeacherId.m in Sources */ = {isa = PBXBuildFile; fileRef = F95ACADD193A714100E546FB /* TeacherId.m */; };
		F95ACAE1193A714100E546FB /* Teacher.m in Sources */ = {isa = PBXBuildFile; fileRef = F95ACAE0193A714100E546FB /* Teacher.m */; };
		F95ACAED193A8F2100E546FB /* LastRefresh+init.m in Sources */ = {isa = PBXBuildFile; fileRef = F95ACAEC193A8F2100E546FB /* LastRefresh+init.m */; };
		F95ACAF5193A99FD00E546FB /* LastRefresh.m in Sources */ = {isa = PBXBuildFile; fileRef = F95ACAF4193A99FD00E546FB /* LastRefresh.m */; };
		F95ACB10193BA6DC00E546FB /* unreadMessge.png in Resources */ = {isa = PBXBuildFile; fileRef = F95ACB0F193BA6DC00E546FB /* unreadMessge.png */; };
		F96916B519292E3E00A569FA /* Update+init.m in Sources */ = {isa = PBXBuildFile; fileRef = F96916B419292E3E00A569FA /* Update+init.m */; };
		F973F2681942259700E6776C /* Images.xcassets in Resources */ = {isa = PBXBuildFile; fileRef = F973F2671942259700E6776C /* Images.xcassets */; };
		F973F26A19438C8F00E6776C /* flagged.png in Resources */ = {isa = PBXBuildFile; fileRef = F973F26919438C8F00E6776C /* flagged.png */; };
		F973F26D1943A27600E6776C /* AboutViewController.m in Sources */ = {isa = PBXBuildFile; fileRef = F973F26C1943A27600E6776C /* AboutViewController.m */; };
		F97777421931A06400B15754 /* Reachability.m in Sources */ = {isa = PBXBuildFile; fileRef = F97777411931A06400B15754 /* Reachability.m */; };
		F99B00C6192EF24F006000AA /* TeacherId+init.m in Sources */ = {isa = PBXBuildFile; fileRef = F99B00C5192EF24F006000AA /* TeacherId+init.m */; };
		F99B00EA192FD9D0006000AA /* CoursesTableViewCell.m in Sources */ = {isa = PBXBuildFile; fileRef = F99B00E9192FD9D0006000AA /* CoursesTableViewCell.m */; };
		F99B00ED192FDEC1006000AA /* CoursesCollectionViewCell.m in Sources */ = {isa = PBXBuildFile; fileRef = F99B00EC192FDEC1006000AA /* CoursesCollectionViewCell.m */; };
		F99B83B1193E91420028653D /* Course.m in Sources */ = {isa = PBXBuildFile; fileRef = F99B83B0193E91420028653D /* Course.m */; };
		F99B83B3193E96C90028653D /* noContact.png in Resources */ = {isa = PBXBuildFile; fileRef = F99B83B2193E96C90028653D /* noContact.png */; };
		F99B83CB193EB36A0028653D /* libxml2.dylib in Frameworks */ = {isa = PBXBuildFile; fileRef = F99B83BD193EB1690028653D /* libxml2.dylib */; };
		F99B83D0193EB3DE0028653D /* HTMLNode.m in Sources */ = {isa = PBXBuildFile; fileRef = F99B83CD193EB3DE0028653D /* HTMLNode.m */; };
		F99B83D1193EB3DE0028653D /* HTMLParser.m in Sources */ = {isa = PBXBuildFile; fileRef = F99B83CF193EB3DE0028653D /* HTMLParser.m */; };
		F9A47077191EEBAF00420260 /* UpdatesContentViewController.m in Sources */ = {isa = PBXBuildFile; fileRef = F9A47076191EEBAF00420260 /* UpdatesContentViewController.m */; };
		F9C7AD8A192D52000086B99D /* technion.jpg in Resources */ = {isa = PBXBuildFile; fileRef = F9C7AD89192D52000086B99D /* technion.jpg */; };
		F9CA655B193BE70300104DE2 /* landaIcon.png in Resources */ = {isa = PBXBuildFile; fileRef = F9CA655A193BE70300104DE2 /* landaIcon.png */; };
		F9CA655F193BECC900104DE2 /* teachersIcon.png in Resources */ = {isa = PBXBuildFile; fileRef = F9CA655E193BECC900104DE2 /* teachersIcon.png */; };
		F9CA6561193BECFF00104DE2 /* updatesIcon.png in Resources */ = {isa = PBXBuildFile; fileRef = F9CA6560193BECFF00104DE2 /* updatesIcon.png */; };
		F9CA6567193BEE3400104DE2 /* coursesTabBar.png in Resources */ = {isa = PBXBuildFile; fileRef = F9CA6566193BEE3400104DE2 /* coursesTabBar.png */; };
/* End PBXBuildFile section */

/* Begin PBXContainerItemProxy section */
		F9302FE318EE499B0064E984 /* PBXContainerItemProxy */ = {
			isa = PBXContainerItemProxy;
			containerPortal = F9302FB518EE499B0064E984 /* Project object */;
			proxyType = 1;
			remoteGlobalIDString = F9302FBC18EE499B0064E984;
			remoteInfo = Landa;
		};
/* End PBXContainerItemProxy section */

/* Begin PBXFileReference section */
		F91FB99718F3237C00B7F8D7 /* expandR.png */ = {isa = PBXFileReference; lastKnownFileType = image.png; path = expandR.png; sourceTree = "<group>"; };
		F91FB99918F33B9700B7F8D7 /* TeachersNavigationController.h */ = {isa = PBXFileReference; fileEncoding = 4; lastKnownFileType = sourcecode.c.h; path = TeachersNavigationController.h; sourceTree = "<group>"; };
		F91FB99A18F33B9700B7F8D7 /* TeachersNavigationController.m */ = {isa = PBXFileReference; fileEncoding = 4; lastKnownFileType = sourcecode.c.objc; path = TeachersNavigationController.m; sourceTree = "<group>"; };
		F91FB99C18F33E4800B7F8D7 /* navigation.jpg */ = {isa = PBXFileReference; lastKnownFileType = image.jpeg; path = navigation.jpg; sourceTree = "<group>"; };
		F91FB9EE18F4254F00B7F8D7 /* TeachersDetailsViewController.h */ = {isa = PBXFileReference; fileEncoding = 4; lastKnownFileType = sourcecode.c.h; name = TeachersDetailsViewController.h; path = ../TeachersDetailsViewController.h; sourceTree = "<group>"; };
		F91FB9EF18F4254F00B7F8D7 /* TeachersDetailsViewController.m */ = {isa = PBXFileReference; fileEncoding = 4; lastKnownFileType = sourcecode.c.objc; name = TeachersDetailsViewController.m; path = ../TeachersDetailsViewController.m; sourceTree = "<group>"; };
		F91FBA4618F6011000B7F8D7 /* CoursesDetailsCollectionView.h */ = {isa = PBXFileReference; fileEncoding = 4; lastKnownFileType = sourcecode.c.h; path = CoursesDetailsCollectionView.h; sourceTree = "<group>"; };
		F91FBA4718F6011000B7F8D7 /* CoursesDetailsCollectionView.m */ = {isa = PBXFileReference; fileEncoding = 4; lastKnownFileType = sourcecode.c.objc; path = CoursesDetailsCollectionView.m; sourceTree = "<group>"; };
		F91FBA4F18F622D300B7F8D7 /* MessageUI.framework */ = {isa = PBXFileReference; lastKnownFileType = wrapper.framework; name = MessageUI.framework; path = System/Library/Frameworks/MessageUI.framework; sourceTree = SDKROOT; };
		F91FBA6018FDAB6900B7F8D7 /* Teacher+init.h */ = {isa = PBXFileReference; fileEncoding = 4; lastKnownFileType = sourcecode.c.h; path = "Teacher+init.h"; sourceTree = "<group>"; };
		F91FBA6118FDAB6900B7F8D7 /* Teacher+init.m */ = {isa = PBXFileReference; fileEncoding = 4; lastKnownFileType = sourcecode.c.objc; path = "Teacher+init.m"; sourceTree = "<group>"; };
		F91FBA6318FDAE9F00B7F8D7 /* Course+init.h */ = {isa = PBXFileReference; fileEncoding = 4; lastKnownFileType = sourcecode.c.h; path = "Course+init.h"; sourceTree = "<group>"; };
		F91FBA6418FDAE9F00B7F8D7 /* Course+init.m */ = {isa = PBXFileReference; fileEncoding = 4; lastKnownFileType = sourcecode.c.objc; path = "Course+init.m"; sourceTree = "<group>"; };
		F91FBA7518FDD10000B7F8D7 /* CoreData.framework */ = {isa = PBXFileReference; lastKnownFileType = wrapper.framework; name = CoreData.framework; path = System/Library/Frameworks/CoreData.framework; sourceTree = SDKROOT; };
		F923C36C18F0B2D80065C5EB /* CoursesViewController.h */ = {isa = PBXFileReference; fileEncoding = 4; lastKnownFileType = sourcecode.c.h; name = CoursesViewController.h; path = ../CoursesViewController.h; sourceTree = "<group>"; };
		F923C36D18F0B2D80065C5EB /* CoursesViewController.m */ = {isa = PBXFileReference; fileEncoding = 4; lastKnownFileType = sourcecode.c.objc; name = CoursesViewController.m; path = ../CoursesViewController.m; sourceTree = "<group>"; };
		F923C36F18F0B59D0065C5EB /* algebra.jpg */ = {isa = PBXFileReference; lastKnownFileType = image.jpeg; path = algebra.jpg; sourceTree = "<group>"; };
		F923C37018F0B59D0065C5EB /* c.png */ = {isa = PBXFileReference; lastKnownFileType = image.png; path = c.png; sourceTree = "<group>"; };
		F923C37118F0B59D0065C5EB /* calculus.jpg */ = {isa = PBXFileReference; lastKnownFileType = image.jpeg; path = calculus.jpg; sourceTree = "<group>"; };
		F923C37218F0B59D0065C5EB /* chimestry.jpg */ = {isa = PBXFileReference; lastKnownFileType = image.jpeg; path = chimestry.jpg; sourceTree = "<group>"; };
		F923C37718F0BCD80065C5EB /* UpdatesViewController.h */ = {isa = PBXFileReference; fileEncoding = 4; lastKnownFileType = sourcecode.c.h; path = UpdatesViewController.h; sourceTree = "<group>"; };
		F923C37818F0BCD80065C5EB /* UpdatesViewController.m */ = {isa = PBXFileReference; fileEncoding = 4; lastKnownFileType = sourcecode.c.objc; path = UpdatesViewController.m; sourceTree = "<group>"; };
		F923C38018F0C0690065C5EB /* updates.png */ = {isa = PBXFileReference; lastKnownFileType = image.png; path = updates.png; sourceTree = "<group>"; };
		F923C38218F0DF320065C5EB /* expand.png */ = {isa = PBXFileReference; lastKnownFileType = image.png; path = expand.png; sourceTree = "<group>"; };
		F9302FBD18EE499B0064E984 /* Landa.app */ = {isa = PBXFileReference; explicitFileType = wrapper.application; includeInIndex = 0; path = Landa.app; sourceTree = BUILT_PRODUCTS_DIR; };
		F9302FC018EE499B0064E984 /* Foundation.framework */ = {isa = PBXFileReference; lastKnownFileType = wrapper.framework; name = Foundation.framework; path = System/Library/Frameworks/Foundation.framework; sourceTree = SDKROOT; };
		F9302FC218EE499B0064E984 /* CoreGraphics.framework */ = {isa = PBXFileReference; lastKnownFileType = wrapper.framework; name = CoreGraphics.framework; path = System/Library/Frameworks/CoreGraphics.framework; sourceTree = SDKROOT; };
		F9302FC418EE499B0064E984 /* UIKit.framework */ = {isa = PBXFileReference; lastKnownFileType = wrapper.framework; name = UIKit.framework; path = System/Library/Frameworks/UIKit.framework; sourceTree = SDKROOT; };
		F9302FC818EE499B0064E984 /* Landa-Info.plist */ = {isa = PBXFileReference; lastKnownFileType = text.plist.xml; path = "Landa-Info.plist"; sourceTree = "<group>"; };
		F9302FCA18EE499B0064E984 /* en */ = {isa = PBXFileReference; lastKnownFileType = text.plist.strings; name = en; path = en.lproj/InfoPlist.strings; sourceTree = "<group>"; };
		F9302FCC18EE499B0064E984 /* main.m */ = {isa = PBXFileReference; lastKnownFileType = sourcecode.c.objc; path = main.m; sourceTree = "<group>"; };
		F9302FCE18EE499B0064E984 /* Landa-Prefix.pch */ = {isa = PBXFileReference; lastKnownFileType = sourcecode.c.h; path = "Landa-Prefix.pch"; sourceTree = "<group>"; };
		F9302FCF18EE499B0064E984 /* LandaAppDelegate.h */ = {isa = PBXFileReference; lastKnownFileType = sourcecode.c.h; path = LandaAppDelegate.h; sourceTree = "<group>"; };
		F9302FD018EE499B0064E984 /* LandaAppDelegate.m */ = {isa = PBXFileReference; lastKnownFileType = sourcecode.c.objc; path = LandaAppDelegate.m; sourceTree = "<group>"; };
		F9302FD318EE499B0064E984 /* Base */ = {isa = PBXFileReference; lastKnownFileType = file.storyboard; name = Base; path = Base.lproj/Main.storyboard; sourceTree = "<group>"; };
		F9302FDE18EE499B0064E984 /* LandaTests.xctest */ = {isa = PBXFileReference; explicitFileType = wrapper.cfbundle; includeInIndex = 0; path = LandaTests.xctest; sourceTree = BUILT_PRODUCTS_DIR; };
		F9302FDF18EE499B0064E984 /* XCTest.framework */ = {isa = PBXFileReference; lastKnownFileType = wrapper.framework; name = XCTest.framework; path = Library/Frameworks/XCTest.framework; sourceTree = DEVELOPER_DIR; };
		F9302FE718EE499B0064E984 /* LandaTests-Info.plist */ = {isa = PBXFileReference; lastKnownFileType = text.plist.xml; path = "LandaTests-Info.plist"; sourceTree = "<group>"; };
		F9302FE918EE499B0064E984 /* en */ = {isa = PBXFileReference; lastKnownFileType = text.plist.strings; name = en; path = en.lproj/InfoPlist.strings; sourceTree = "<group>"; };
		F9302FEB18EE499B0064E984 /* LandaTests.m */ = {isa = PBXFileReference; lastKnownFileType = sourcecode.c.objc; path = LandaTests.m; sourceTree = "<group>"; };
		F9302FF518EE49C00064E984 /* 7amed.jpg */ = {isa = PBXFileReference; lastKnownFileType = image.jpeg; path = 7amed.jpg; sourceTree = "<group>"; };
		F9302FF618EE49C00064E984 /* aiman.jpg */ = {isa = PBXFileReference; lastKnownFileType = image.jpeg; path = aiman.jpg; sourceTree = "<group>"; };
		F9302FF718EE49C00064E984 /* hasan.jpg */ = {isa = PBXFileReference; lastKnownFileType = image.jpeg; path = hasan.jpg; sourceTree = "<group>"; };
		F9302FF818EE49C00064E984 /* mothana.jpg */ = {isa = PBXFileReference; lastKnownFileType = image.jpeg; path = mothana.jpg; sourceTree = "<group>"; };
		F9302FF918EE49C00064E984 /* muhammad.jpg */ = {isa = PBXFileReference; lastKnownFileType = image.jpeg; path = muhammad.jpg; sourceTree = "<group>"; };
		F9302FFA18EE49C00064E984 /* ward.jpg */ = {isa = PBXFileReference; lastKnownFileType = image.jpeg; path = ward.jpg; sourceTree = "<group>"; };
		F930300218EE4A5C0064E984 /* TeachersViewController.h */ = {isa = PBXFileReference; fileEncoding = 4; lastKnownFileType = sourcecode.c.h; path = TeachersViewController.h; sourceTree = "<group>"; };
		F930300318EE4A5C0064E984 /* TeachersViewController.m */ = {isa = PBXFileReference; fileEncoding = 4; lastKnownFileType = sourcecode.c.objc; path = TeachersViewController.m; sourceTree = "<group>"; };
		F930300518EE4B9D0064E984 /* TeacherCollectionViewCell.h */ = {isa = PBXFileReference; fileEncoding = 4; lastKnownFileType = sourcecode.c.h; path = TeacherCollectionViewCell.h; sourceTree = "<group>"; };
		F930300618EE4B9D0064E984 /* TeacherCollectionViewCell.m */ = {isa = PBXFileReference; fileEncoding = 4; lastKnownFileType = sourcecode.c.objc; path = TeacherCollectionViewCell.m; sourceTree = "<group>"; };
		F930300818EE4E880064E984 /* thrwat.jpg */ = {isa = PBXFileReference; lastKnownFileType = image.jpeg; path = thrwat.jpg; sourceTree = "<group>"; };
		F930300A18EE51C00064E984 /* TabBarSettingsViewController.h */ = {isa = PBXFileReference; fileEncoding = 4; lastKnownFileType = sourcecode.c.h; path = TabBarSettingsViewController.h; sourceTree = "<group>"; };
		F930300B18EE51C00064E984 /* TabBarSettingsViewController.m */ = {isa = PBXFileReference; fileEncoding = 4; lastKnownFileType = sourcecode.c.objc; path = TabBarSettingsViewController.m; sourceTree = "<group>"; };
		F932380B192908C70066328A /* Parse.framework */ = {isa = PBXFileReference; lastKnownFileType = wrapper.framework; path = Parse.framework; sourceTree = "<group>"; };
		F932380D192908D60066328A /* AudioToolbox.framework */ = {isa = PBXFileReference; lastKnownFileType = wrapper.framework; name = AudioToolbox.framework; path = System/Library/Frameworks/AudioToolbox.framework; sourceTree = SDKROOT; };
		F932380F192908E00066328A /* CFNetwork.framework */ = {isa = PBXFileReference; lastKnownFileType = wrapper.framework; name = CFNetwork.framework; path = System/Library/Frameworks/CFNetwork.framework; sourceTree = SDKROOT; };
		F9323811192908F70066328A /* CoreLocation.framework */ = {isa = PBXFileReference; lastKnownFileType = wrapper.framework; name = CoreLocation.framework; path = System/Library/Frameworks/CoreLocation.framework; sourceTree = SDKROOT; };
		F9323813192908FE0066328A /* libz.dylib */ = {isa = PBXFileReference; lastKnownFileType = "compiled.mach-o.dylib"; name = libz.dylib; path = usr/lib/libz.dylib; sourceTree = SDKROOT; };
		F9323815192909060066328A /* MobileCoreServices.framework */ = {isa = PBXFileReference; lastKnownFileType = wrapper.framework; name = MobileCoreServices.framework; path = System/Library/Frameworks/MobileCoreServices.framework; sourceTree = SDKROOT; };
		F93238171929090E0066328A /* QuartzCore.framework */ = {isa = PBXFileReference; lastKnownFileType = wrapper.framework; name = QuartzCore.framework; path = System/Library/Frameworks/QuartzCore.framework; sourceTree = SDKROOT; };
		F9323819192909140066328A /* Security.framework */ = {isa = PBXFileReference; lastKnownFileType = wrapper.framework; name = Security.framework; path = System/Library/Frameworks/Security.framework; sourceTree = SDKROOT; };
		F932381B1929091B0066328A /* StoreKit.framework */ = {isa = PBXFileReference; lastKnownFileType = wrapper.framework; name = StoreKit.framework; path = System/Library/Frameworks/StoreKit.framework; sourceTree = SDKROOT; };
		F932381D192909230066328A /* SystemConfiguration.framework */ = {isa = PBXFileReference; lastKnownFileType = wrapper.framework; name = SystemConfiguration.framework; path = System/Library/Frameworks/SystemConfiguration.framework; sourceTree = SDKROOT; };
		F954E6A5193FAFF0004F0C00 /* HelpFunc.h */ = {isa = PBXFileReference; fileEncoding = 4; lastKnownFileType = sourcecode.c.h; path = HelpFunc.h; sourceTree = "<group>"; };
		F954E6A6193FAFF0004F0C00 /* HelpFunc.m */ = {isa = PBXFileReference; fileEncoding = 4; lastKnownFileType = sourcecode.c.objc; path = HelpFunc.m; sourceTree = "<group>"; };
		F954E70E1940B9D9004F0C00 /* Update.h */ = {isa = PBXFileReference; fileEncoding = 4; lastKnownFileType = sourcecode.c.h; name = Update.h; path = ../Update.h; sourceTree = "<group>"; };
		F954E70F1940B9D9004F0C00 /* Update.m */ = {isa = PBXFileReference; fileEncoding = 4; lastKnownFileType = sourcecode.c.objc; name = Update.m; path = ../Update.m; sourceTree = "<group>"; };
		F954E7141940D7CB004F0C00 /* NSMutableArray+SWUtilityButtons.h */ = {isa = PBXFileReference; fileEncoding = 4; lastKnownFileType = sourcecode.c.h; path = "NSMutableArray+SWUtilityButtons.h"; sourceTree = "<group>"; };
		F954E7151940D7CB004F0C00 /* NSMutableArray+SWUtilityButtons.m */ = {isa = PBXFileReference; fileEncoding = 4; lastKnownFileType = sourcecode.c.objc; path = "NSMutableArray+SWUtilityButtons.m"; sourceTree = "<group>"; };
		F954E7161940D7CB004F0C00 /* SWCellScrollView.h */ = {isa = PBXFileReference; fileEncoding = 4; lastKnownFileType = sourcecode.c.h; path = SWCellScrollView.h; sourceTree = "<group>"; };
		F954E7171940D7CB004F0C00 /* SWCellScrollView.m */ = {isa = PBXFileReference; fileEncoding = 4; lastKnownFileType = sourcecode.c.objc; path = SWCellScrollView.m; sourceTree = "<group>"; };
		F954E7181940D7CB004F0C00 /* SWLongPressGestureRecognizer.h */ = {isa = PBXFileReference; fileEncoding = 4; lastKnownFileType = sourcecode.c.h; path = SWLongPressGestureRecognizer.h; sourceTree = "<group>"; };
		F954E7191940D7CB004F0C00 /* SWLongPressGestureRecognizer.m */ = {isa = PBXFileReference; fileEncoding = 4; lastKnownFileType = sourcecode.c.objc; path = SWLongPressGestureRecognizer.m; sourceTree = "<group>"; };
		F954E71A1940D7CB004F0C00 /* SWTableViewCell.h */ = {isa = PBXFileReference; fileEncoding = 4; lastKnownFileType = sourcecode.c.h; path = SWTableViewCell.h; sourceTree = "<group>"; };
		F954E71B1940D7CB004F0C00 /* SWTableViewCell.m */ = {isa = PBXFileReference; fileEncoding = 4; lastKnownFileType = sourcecode.c.objc; path = SWTableViewCell.m; sourceTree = "<group>"; };
		F954E71C1940D7CB004F0C00 /* SWUtilityButtonTapGestureRecognizer.h */ = {isa = PBXFileReference; fileEncoding = 4; lastKnownFileType = sourcecode.c.h; path = SWUtilityButtonTapGestureRecognizer.h; sourceTree = "<group>"; };
		F954E71D1940D7CB004F0C00 /* SWUtilityButtonTapGestureRecognizer.m */ = {isa = PBXFileReference; fileEncoding = 4; lastKnownFileType = sourcecode.c.objc; path = SWUtilityButtonTapGestureRecognizer.m; sourceTree = "<group>"; };
		F954E71E1940D7CB004F0C00 /* SWUtilityButtonView.h */ = {isa = PBXFileReference; fileEncoding = 4; lastKnownFileType = sourcecode.c.h; path = SWUtilityButtonView.h; sourceTree = "<group>"; };
		F954E71F1940D7CB004F0C00 /* SWUtilityButtonView.m */ = {isa = PBXFileReference; fileEncoding = 4; lastKnownFileType = sourcecode.c.objc; path = SWUtilityButtonView.m; sourceTree = "<group>"; };
		F954E7291940DA44004F0C00 /* UpdatesUITableViewCell.h */ = {isa = PBXFileReference; fileEncoding = 4; lastKnownFileType = sourcecode.c.h; path = UpdatesUITableViewCell.h; sourceTree = "<group>"; };
		F954E72A1940DA44004F0C00 /* UpdatesUITableViewCell.m */ = {isa = PBXFileReference; fileEncoding = 4; lastKnownFileType = sourcecode.c.objc; path = UpdatesUITableViewCell.m; sourceTree = "<group>"; };
		F95ACAAD19394FC100E546FB /* courses.png */ = {isa = PBXFileReference; lastKnownFileType = image.png; path = courses.png; sourceTree = "<group>"; };
		F95ACAB1193951E600E546FB /* grayColor.jpg */ = {isa = PBXFileReference; lastKnownFileType = image.jpeg; path = grayColor.jpg; sourceTree = "<group>"; };
		F95ACAB3193952BF00E546FB /* tabbar.png */ = {isa = PBXFileReference; lastKnownFileType = image.png; path = tabbar.png; sourceTree = "<group>"; };
		F95ACAB4193952BF00E546FB /* tabbar@2x.png */ = {isa = PBXFileReference; lastKnownFileType = image.png; path = "tabbar@2x.png"; sourceTree = "<group>"; };
		F95ACACB193A6E8100E546FB /* Model.xcdatamodel */ = {isa = PBXFileReference; lastKnownFileType = wrapper.xcdatamodel; path = Model.xcdatamodel; sourceTree = "<group>"; };
		F95ACADC193A714100E546FB /* TeacherId.h */ = {isa = PBXFileReference; fileEncoding = 4; lastKnownFileType = sourcecode.c.h; name = TeacherId.h; path = ../TeacherId.h; sourceTree = "<group>"; };
		F95ACADD193A714100E546FB /* TeacherId.m */ = {isa = PBXFileReference; fileEncoding = 4; lastKnownFileType = sourcecode.c.objc; name = TeacherId.m; path = ../TeacherId.m; sourceTree = "<group>"; };
		F95ACADF193A714100E546FB /* Teacher.h */ = {isa = PBXFileReference; fileEncoding = 4; lastKnownFileType = sourcecode.c.h; name = Teacher.h; path = ../Teacher.h; sourceTree = "<group>"; };
		F95ACAE0193A714100E546FB /* Teacher.m */ = {isa = PBXFileReference; fileEncoding = 4; lastKnownFileType = sourcecode.c.objc; name = Teacher.m; path = ../Teacher.m; sourceTree = "<group>"; };
		F95ACAEB193A8F2100E546FB /* LastRefresh+init.h */ = {isa = PBXFileReference; fileEncoding = 4; lastKnownFileType = sourcecode.c.h; name = "LastRefresh+init.h"; path = "../LastRefresh+init.h"; sourceTree = "<group>"; };
		F95ACAEC193A8F2100E546FB /* LastRefresh+init.m */ = {isa = PBXFileReference; fileEncoding = 4; lastKnownFileType = sourcecode.c.objc; name = "LastRefresh+init.m"; path = "../LastRefresh+init.m"; sourceTree = "<group>"; };
		F95ACAF3193A99FD00E546FB /* LastRefresh.h */ = {isa = PBXFileReference; fileEncoding = 4; lastKnownFileType = sourcecode.c.h; path = LastRefresh.h; sourceTree = "<group>"; };
		F95ACAF4193A99FD00E546FB /* LastRefresh.m */ = {isa = PBXFileReference; fileEncoding = 4; lastKnownFileType = sourcecode.c.objc; path = LastRefresh.m; sourceTree = "<group>"; };
		F95ACB0F193BA6DC00E546FB /* unreadMessge.png */ = {isa = PBXFileReference; lastKnownFileType = image.png; path = unreadMessge.png; sourceTree = "<group>"; };
		F96916B319292E3E00A569FA /* Update+init.h */ = {isa = PBXFileReference; fileEncoding = 4; lastKnownFileType = sourcecode.c.h; path = "Update+init.h"; sourceTree = "<group>"; };
		F96916B419292E3E00A569FA /* Update+init.m */ = {isa = PBXFileReference; fileEncoding = 4; lastKnownFileType = sourcecode.c.objc; path = "Update+init.m"; sourceTree = "<group>"; };
		F973F2671942259700E6776C /* Images.xcassets */ = {isa = PBXFileReference; lastKnownFileType = folder.assetcatalog; path = Images.xcassets; sourceTree = "<group>"; };
		F973F26919438C8F00E6776C /* flagged.png */ = {isa = PBXFileReference; lastKnownFileType = image.png; path = flagged.png; sourceTree = "<group>"; };
		F973F26B1943A27600E6776C /* AboutViewController.h */ = {isa = PBXFileReference; fileEncoding = 4; lastKnownFileType = sourcecode.c.h; path = AboutViewController.h; sourceTree = "<group>"; };
		F973F26C1943A27600E6776C /* AboutViewController.m */ = {isa = PBXFileReference; fileEncoding = 4; lastKnownFileType = sourcecode.c.objc; path = AboutViewController.m; sourceTree = "<group>"; };
		F97777401931A06400B15754 /* Reachability.h */ = {isa = PBXFileReference; fileEncoding = 4; lastKnownFileType = sourcecode.c.h; path = Reachability.h; sourceTree = "<group>"; };
		F97777411931A06400B15754 /* Reachability.m */ = {isa = PBXFileReference; fileEncoding = 4; lastKnownFileType = sourcecode.c.objc; path = Reachability.m; sourceTree = "<group>"; };
		F99B00C4192EF24F006000AA /* TeacherId+init.h */ = {isa = PBXFileReference; fileEncoding = 4; lastKnownFileType = sourcecode.c.h; path = "TeacherId+init.h"; sourceTree = "<group>"; };
		F99B00C5192EF24F006000AA /* TeacherId+init.m */ = {isa = PBXFileReference; fileEncoding = 4; lastKnownFileType = sourcecode.c.objc; path = "TeacherId+init.m"; sourceTree = "<group>"; };
		F99B00E8192FD9D0006000AA /* CoursesTableViewCell.h */ = {isa = PBXFileReference; fileEncoding = 4; lastKnownFileType = sourcecode.c.h; name = CoursesTableViewCell.h; path = ../CoursesTableViewCell.h; sourceTree = "<group>"; };
		F99B00E9192FD9D0006000AA /* CoursesTableViewCell.m */ = {isa = PBXFileReference; fileEncoding = 4; lastKnownFileType = sourcecode.c.objc; name = CoursesTableViewCell.m; path = ../CoursesTableViewCell.m; sourceTree = "<group>"; };
		F99B00EB192FDEC1006000AA /* CoursesCollectionViewCell.h */ = {isa = PBXFileReference; fileEncoding = 4; lastKnownFileType = sourcecode.c.h; path = CoursesCollectionViewCell.h; sourceTree = "<group>"; };
		F99B00EC192FDEC1006000AA /* CoursesCollectionViewCell.m */ = {isa = PBXFileReference; fileEncoding = 4; lastKnownFileType = sourcecode.c.objc; path = CoursesCollectionViewCell.m; sourceTree = "<group>"; };
		F99B83AF193E91420028653D /* Course.h */ = {isa = PBXFileReference; fileEncoding = 4; lastKnownFileType = sourcecode.c.h; path = Course.h; sourceTree = "<group>"; };
		F99B83B0193E91420028653D /* Course.m */ = {isa = PBXFileReference; fileEncoding = 4; lastKnownFileType = sourcecode.c.objc; path = Course.m; sourceTree = "<group>"; };
		F99B83B2193E96C90028653D /* noContact.png */ = {isa = PBXFileReference; lastKnownFileType = image.png; path = noContact.png; sourceTree = "<group>"; };
		F99B83BD193EB1690028653D /* libxml2.dylib */ = {isa = PBXFileReference; lastKnownFileType = "compiled.mach-o.dylib"; name = libxml2.dylib; path = usr/lib/libxml2.dylib; sourceTree = SDKROOT; };
		F99B83BF193EB17E0028653D /* libxml2.2.dylib */ = {isa = PBXFileReference; lastKnownFileType = "compiled.mach-o.dylib"; name = libxml2.2.dylib; path = usr/lib/libxml2.2.dylib; sourceTree = SDKROOT; };
		F99B83CC193EB3DE0028653D /* HTMLNode.h */ = {isa = PBXFileReference; fileEncoding = 4; lastKnownFileType = sourcecode.c.h; path = HTMLNode.h; sourceTree = "<group>"; };
		F99B83CD193EB3DE0028653D /* HTMLNode.m */ = {isa = PBXFileReference; fileEncoding = 4; lastKnownFileType = sourcecode.c.objc; path = HTMLNode.m; sourceTree = "<group>"; };
		F99B83CE193EB3DE0028653D /* HTMLParser.h */ = {isa = PBXFileReference; fileEncoding = 4; lastKnownFileType = sourcecode.c.h; path = HTMLParser.h; sourceTree = "<group>"; };
		F99B83CF193EB3DE0028653D /* HTMLParser.m */ = {isa = PBXFileReference; fileEncoding = 4; lastKnownFileType = sourcecode.c.objc; path = HTMLParser.m; sourceTree = "<group>"; };
		F9A47075191EEBAF00420260 /* UpdatesContentViewController.h */ = {isa = PBXFileReference; fileEncoding = 4; lastKnownFileType = sourcecode.c.h; path = UpdatesContentViewController.h; sourceTree = "<group>"; };
		F9A47076191EEBAF00420260 /* UpdatesContentViewController.m */ = {isa = PBXFileReference; fileEncoding = 4; lastKnownFileType = sourcecode.c.objc; path = UpdatesContentViewController.m; sourceTree = "<group>"; };
		F9C7AD89192D52000086B99D /* technion.jpg */ = {isa = PBXFileReference; lastKnownFileType = image.jpeg; path = technion.jpg; sourceTree = "<group>"; };
		F9CA655A193BE70300104DE2 /* landaIcon.png */ = {isa = PBXFileReference; lastKnownFileType = image.png; path = landaIcon.png; sourceTree = "<group>"; };
		F9CA655E193BECC900104DE2 /* teachersIcon.png */ = {isa = PBXFileReference; lastKnownFileType = image.png; path = teachersIcon.png; sourceTree = "<group>"; };
		F9CA6560193BECFF00104DE2 /* updatesIcon.png */ = {isa = PBXFileReference; lastKnownFileType = image.png; path = updatesIcon.png; sourceTree = "<group>"; };
		F9CA6566193BEE3400104DE2 /* coursesTabBar.png */ = {isa = PBXFileReference; lastKnownFileType = image.png; path = coursesTabBar.png; sourceTree = "<group>"; };
/* End PBXFileReference section */

/* Begin PBXFrameworksBuildPhase section */
		F9302FBA18EE499B0064E984 /* Frameworks */ = {
			isa = PBXFrameworksBuildPhase;
			buildActionMask = 2147483647;
			files = (
				F99B83CB193EB36A0028653D /* libxml2.dylib in Frameworks */,
				F932381E192909230066328A /* SystemConfiguration.framework in Frameworks */,
				F932381C1929091B0066328A /* StoreKit.framework in Frameworks */,
				F932381A192909140066328A /* Security.framework in Frameworks */,
				F93238181929090E0066328A /* QuartzCore.framework in Frameworks */,
				F9323816192909060066328A /* MobileCoreServices.framework in Frameworks */,
				F9323814192908FE0066328A /* libz.dylib in Frameworks */,
				F9323812192908F70066328A /* CoreLocation.framework in Frameworks */,
				F9302FC318EE499B0064E984 /* CoreGraphics.framework in Frameworks */,
				F9323810192908E00066328A /* CFNetwork.framework in Frameworks */,
				F932380E192908D60066328A /* AudioToolbox.framework in Frameworks */,
				F91FBA7618FDD10000B7F8D7 /* CoreData.framework in Frameworks */,
				F91FBA5018F622D300B7F8D7 /* MessageUI.framework in Frameworks */,
				F9302FC518EE499B0064E984 /* UIKit.framework in Frameworks */,
				F932380C192908C70066328A /* Parse.framework in Frameworks */,
				F9302FC118EE499B0064E984 /* Foundation.framework in Frameworks */,
			);
			runOnlyForDeploymentPostprocessing = 0;
		};
		F9302FDB18EE499B0064E984 /* Frameworks */ = {
			isa = PBXFrameworksBuildPhase;
			buildActionMask = 2147483647;
			files = (
				F9302FE018EE499B0064E984 /* XCTest.framework in Frameworks */,
				F9302FE218EE499B0064E984 /* UIKit.framework in Frameworks */,
				F9302FE118EE499B0064E984 /* Foundation.framework in Frameworks */,
			);
			runOnlyForDeploymentPostprocessing = 0;
		};
/* End PBXFrameworksBuildPhase section */

/* Begin PBXGroup section */
		F91FB9A118F3406000B7F8D7 /* design */ = {
			isa = PBXGroup;
			children = (
				F91FB99918F33B9700B7F8D7 /* TeachersNavigationController.h */,
				F91FB99A18F33B9700B7F8D7 /* TeachersNavigationController.m */,
				F930300A18EE51C00064E984 /* TabBarSettingsViewController.h */,
				F930300B18EE51C00064E984 /* TabBarSettingsViewController.m */,
			);
			name = design;
			sourceTree = "<group>";
		};
		F91FBA3D18F4772D00B7F8D7 /* Teachers */ = {
			isa = PBXGroup;
			children = (
				F95ACAF3193A99FD00E546FB /* LastRefresh.h */,
				F95ACAF4193A99FD00E546FB /* LastRefresh.m */,
				F95ACAEB193A8F2100E546FB /* LastRefresh+init.h */,
				F95ACAEC193A8F2100E546FB /* LastRefresh+init.m */,
				F95ACADF193A714100E546FB /* Teacher.h */,
				F95ACAE0193A714100E546FB /* Teacher.m */,
				F91FBA6018FDAB6900B7F8D7 /* Teacher+init.h */,
				F91FBA6118FDAB6900B7F8D7 /* Teacher+init.m */,
				F91FB9EE18F4254F00B7F8D7 /* TeachersDetailsViewController.h */,
				F91FB9EF18F4254F00B7F8D7 /* TeachersDetailsViewController.m */,
				F930300218EE4A5C0064E984 /* TeachersViewController.h */,
				F930300318EE4A5C0064E984 /* TeachersViewController.m */,
				F930300518EE4B9D0064E984 /* TeacherCollectionViewCell.h */,
				F930300618EE4B9D0064E984 /* TeacherCollectionViewCell.m */,
			);
			name = Teachers;
			sourceTree = "<group>";
		};
		F91FBA3E18F4774200B7F8D7 /* Update */ = {
			isa = PBXGroup;
			children = (
				F954E70E1940B9D9004F0C00 /* Update.h */,
				F954E70F1940B9D9004F0C00 /* Update.m */,
				F96916B319292E3E00A569FA /* Update+init.h */,
				F96916B419292E3E00A569FA /* Update+init.m */,
				F923C37718F0BCD80065C5EB /* UpdatesViewController.h */,
				F923C37818F0BCD80065C5EB /* UpdatesViewController.m */,
				F954E7291940DA44004F0C00 /* UpdatesUITableViewCell.h */,
				F954E72A1940DA44004F0C00 /* UpdatesUITableViewCell.m */,
				F9A47075191EEBAF00420260 /* UpdatesContentViewController.h */,
				F9A47076191EEBAF00420260 /* UpdatesContentViewController.m */,
			);
			name = Update;
			sourceTree = "<group>";
		};
		F91FBA3F18F4774F00B7F8D7 /* Courses */ = {
			isa = PBXGroup;
			children = (
				F99B83AF193E91420028653D /* Course.h */,
				F99B83B0193E91420028653D /* Course.m */,
				F91FBA6318FDAE9F00B7F8D7 /* Course+init.h */,
				F91FBA6418FDAE9F00B7F8D7 /* Course+init.m */,
				F99B00EB192FDEC1006000AA /* CoursesCollectionViewCell.h */,
				F99B00EC192FDEC1006000AA /* CoursesCollectionViewCell.m */,
				F91FBA4618F6011000B7F8D7 /* CoursesDetailsCollectionView.h */,
				F91FBA4718F6011000B7F8D7 /* CoursesDetailsCollectionView.m */,
				F99B00E8192FD9D0006000AA /* CoursesTableViewCell.h */,
				F99B00E9192FD9D0006000AA /* CoursesTableViewCell.m */,
				F923C36C18F0B2D80065C5EB /* CoursesViewController.h */,
				F923C36D18F0B2D80065C5EB /* CoursesViewController.m */,
			);
			name = Courses;
			sourceTree = "<group>";
		};
		F9302FB418EE499B0064E984 = {
			isa = PBXGroup;
			children = (
				F9302FC618EE499B0064E984 /* Landa */,
				F9302FE518EE499B0064E984 /* LandaTests */,
				F9302FBF18EE499B0064E984 /* Frameworks */,
				F9302FBE18EE499B0064E984 /* Products */,
				F930300118EE49CC0064E984 /* pic */,
			);
			sourceTree = "<group>";
		};
		F9302FBE18EE499B0064E984 /* Products */ = {
			isa = PBXGroup;
			children = (
				F9302FBD18EE499B0064E984 /* Landa.app */,
				F9302FDE18EE499B0064E984 /* LandaTests.xctest */,
			);
			name = Products;
			sourceTree = "<group>";
		};
		F9302FBF18EE499B0064E984 /* Frameworks */ = {
			isa = PBXGroup;
			children = (
				F99B83BF193EB17E0028653D /* libxml2.2.dylib */,
				F99B83BD193EB1690028653D /* libxml2.dylib */,
				F932381D192909230066328A /* SystemConfiguration.framework */,
				F932381B1929091B0066328A /* StoreKit.framework */,
				F9323819192909140066328A /* Security.framework */,
				F93238171929090E0066328A /* QuartzCore.framework */,
				F9323815192909060066328A /* MobileCoreServices.framework */,
				F9323813192908FE0066328A /* libz.dylib */,
				F9323811192908F70066328A /* CoreLocation.framework */,
				F932380F192908E00066328A /* CFNetwork.framework */,
				F932380D192908D60066328A /* AudioToolbox.framework */,
				F932380B192908C70066328A /* Parse.framework */,
				F91FBA7518FDD10000B7F8D7 /* CoreData.framework */,
				F91FBA4F18F622D300B7F8D7 /* MessageUI.framework */,
				F9302FC018EE499B0064E984 /* Foundation.framework */,
				F9302FC218EE499B0064E984 /* CoreGraphics.framework */,
				F9302FC418EE499B0064E984 /* UIKit.framework */,
				F9302FDF18EE499B0064E984 /* XCTest.framework */,
			);
			name = Frameworks;
			sourceTree = "<group>";
		};
		F9302FC618EE499B0064E984 /* Landa */ = {
			isa = PBXGroup;
			children = (
				F954E7131940D78F004F0C00 /* SwapCell */,
				F95ACACA193A6E8100E546FB /* Model.xcdatamodeld */,
				F954E6A5193FAFF0004F0C00 /* HelpFunc.h */,
				F954E6A6193FAFF0004F0C00 /* HelpFunc.m */,
				F9302FCF18EE499B0064E984 /* LandaAppDelegate.h */,
				F9302FD018EE499B0064E984 /* LandaAppDelegate.m */,
				F9302FD218EE499B0064E984 /* Main.storyboard */,
				F973F26B1943A27600E6776C /* AboutViewController.h */,
				F973F26C1943A27600E6776C /* AboutViewController.m */,
				F973F2671942259700E6776C /* Images.xcassets */,
				F99B83C1193EB2310028653D /* HTMLParsing */,
				F977773F1931A04A00B15754 /* Reachability */,
				F97776001931604800B15754 /* teacherId */,
				F91FBA3D18F4772D00B7F8D7 /* Teachers */,
				F91FBA3E18F4774200B7F8D7 /* Update */,
				F91FBA3F18F4774F00B7F8D7 /* Courses */,
				F91FB9A118F3406000B7F8D7 /* design */,
				F9302FC718EE499B0064E984 /* Supporting Files */,
			);
			path = Landa;
			sourceTree = "<group>";
		};
		F9302FC718EE499B0064E984 /* Supporting Files */ = {
			isa = PBXGroup;
			children = (
				F9302FC818EE499B0064E984 /* Landa-Info.plist */,
				F9302FC918EE499B0064E984 /* InfoPlist.strings */,
				F9302FCC18EE499B0064E984 /* main.m */,
				F9302FCE18EE499B0064E984 /* Landa-Prefix.pch */,
			);
			name = "Supporting Files";
			sourceTree = "<group>";
		};
		F9302FE518EE499B0064E984 /* LandaTests */ = {
			isa = PBXGroup;
			children = (
				F9302FEB18EE499B0064E984 /* LandaTests.m */,
				F9302FE618EE499B0064E984 /* Supporting Files */,
			);
			path = LandaTests;
			sourceTree = "<group>";
		};
		F9302FE618EE499B0064E984 /* Supporting Files */ = {
			isa = PBXGroup;
			children = (
				F9302FE718EE499B0064E984 /* LandaTests-Info.plist */,
				F9302FE818EE499B0064E984 /* InfoPlist.strings */,
			);
			name = "Supporting Files";
			sourceTree = "<group>";
		};
		F930300118EE49CC0064E984 /* pic */ = {
			isa = PBXGroup;
			children = (
				F973F26919438C8F00E6776C /* flagged.png */,
				F99B83B2193E96C90028653D /* noContact.png */,
				F9CA6566193BEE3400104DE2 /* coursesTabBar.png */,
				F9CA655E193BECC900104DE2 /* teachersIcon.png */,
				F95ACB0F193BA6DC00E546FB /* unreadMessge.png */,
				F9CA6560193BECFF00104DE2 /* updatesIcon.png */,
				F9CA655A193BE70300104DE2 /* landaIcon.png */,
				F9C7AD89192D52000086B99D /* technion.jpg */,
				F95ACAB3193952BF00E546FB /* tabbar.png */,
				F95ACAB4193952BF00E546FB /* tabbar@2x.png */,
				F95ACAAD19394FC100E546FB /* courses.png */,
				F95ACAB1193951E600E546FB /* grayColor.jpg */,
				F923C36F18F0B59D0065C5EB /* algebra.jpg */,
				F923C37018F0B59D0065C5EB /* c.png */,
				F91FB99718F3237C00B7F8D7 /* expandR.png */,
				F923C38218F0DF320065C5EB /* expand.png */,
				F91FB99C18F33E4800B7F8D7 /* navigation.jpg */,
				F923C37118F0B59D0065C5EB /* calculus.jpg */,
				F923C37218F0B59D0065C5EB /* chimestry.jpg */,
				F923C38018F0C0690065C5EB /* updates.png */,
				F9302FF518EE49C00064E984 /* 7amed.jpg */,
				F9302FF618EE49C00064E984 /* aiman.jpg */,
				F9302FF718EE49C00064E984 /* hasan.jpg */,
				F930300818EE4E880064E984 /* thrwat.jpg */,
				F9302FF818EE49C00064E984 /* mothana.jpg */,
				F9302FF918EE49C00064E984 /* muhammad.jpg */,
				F9302FFA18EE49C00064E984 /* ward.jpg */,
			);
			name = pic;
			sourceTree = "<group>";
		};
		F954E7131940D78F004F0C00 /* SwapCell */ = {
			isa = PBXGroup;
			children = (
				F954E7141940D7CB004F0C00 /* NSMutableArray+SWUtilityButtons.h */,
				F954E7151940D7CB004F0C00 /* NSMutableArray+SWUtilityButtons.m */,
				F954E7161940D7CB004F0C00 /* SWCellScrollView.h */,
				F954E7171940D7CB004F0C00 /* SWCellScrollView.m */,
				F954E7181940D7CB004F0C00 /* SWLongPressGestureRecognizer.h */,
				F954E7191940D7CB004F0C00 /* SWLongPressGestureRecognizer.m */,
				F954E71A1940D7CB004F0C00 /* SWTableViewCell.h */,
				F954E71B1940D7CB004F0C00 /* SWTableViewCell.m */,
				F954E71C1940D7CB004F0C00 /* SWUtilityButtonTapGestureRecognizer.h */,
				F954E71D1940D7CB004F0C00 /* SWUtilityButtonTapGestureRecognizer.m */,
				F954E71E1940D7CB004F0C00 /* SWUtilityButtonView.h */,
				F954E71F1940D7CB004F0C00 /* SWUtilityButtonView.m */,
			);
			name = SwapCell;
			sourceTree = "<group>";
		};
		F97776001931604800B15754 /* teacherId */ = {
			isa = PBXGroup;
			children = (
				F95ACADC193A714100E546FB /* TeacherId.h */,
				F95ACADD193A714100E546FB /* TeacherId.m */,
				F99B00C4192EF24F006000AA /* TeacherId+init.h */,
				F99B00C5192EF24F006000AA /* TeacherId+init.m */,
			);
			name = teacherId;
			sourceTree = "<group>";
		};
		F977773F1931A04A00B15754 /* Reachability */ = {
			isa = PBXGroup;
			children = (
				F97777401931A06400B15754 /* Reachability.h */,
				F97777411931A06400B15754 /* Reachability.m */,
			);
			name = Reachability;
			sourceTree = "<group>";
		};
		F99B83C1193EB2310028653D /* HTMLParsing */ = {
			isa = PBXGroup;
			children = (
				F99B83CC193EB3DE0028653D /* HTMLNode.h */,
				F99B83CD193EB3DE0028653D /* HTMLNode.m */,
				F99B83CE193EB3DE0028653D /* HTMLParser.h */,
				F99B83CF193EB3DE0028653D /* HTMLParser.m */,
			);
			name = HTMLParsing;
			sourceTree = "<group>";
		};
/* End PBXGroup section */

/* Begin PBXNativeTarget section */
		F9302FBC18EE499B0064E984 /* Landa */ = {
			isa = PBXNativeTarget;
			buildConfigurationList = F9302FEF18EE499B0064E984 /* Build configuration list for PBXNativeTarget "Landa" */;
			buildPhases = (
				F9302FB918EE499B0064E984 /* Sources */,
				F9302FBA18EE499B0064E984 /* Frameworks */,
				F9302FBB18EE499B0064E984 /* Resources */,
			);
			buildRules = (
			);
			dependencies = (
			);
			name = Landa;
			productName = Landa;
			productReference = F9302FBD18EE499B0064E984 /* Landa.app */;
			productType = "com.apple.product-type.application";
		};
		F9302FDD18EE499B0064E984 /* LandaTests */ = {
			isa = PBXNativeTarget;
			buildConfigurationList = F9302FF218EE499B0064E984 /* Build configuration list for PBXNativeTarget "LandaTests" */;
			buildPhases = (
				F9302FDA18EE499B0064E984 /* Sources */,
				F9302FDB18EE499B0064E984 /* Frameworks */,
				F9302FDC18EE499B0064E984 /* Resources */,
			);
			buildRules = (
			);
			dependencies = (
				F9302FE418EE499B0064E984 /* PBXTargetDependency */,
			);
			name = LandaTests;
			productName = LandaTests;
			productReference = F9302FDE18EE499B0064E984 /* LandaTests.xctest */;
			productType = "com.apple.product-type.bundle.unit-test";
		};
/* End PBXNativeTarget section */

/* Begin PBXProject section */
		F9302FB518EE499B0064E984 /* Project object */ = {
			isa = PBXProject;
			attributes = {
				CLASSPREFIX = Landa;
				LastUpgradeCheck = 0510;
				ORGANIZATIONNAME = "muhammad abed el razek";
				TargetAttributes = {
					F9302FBC18EE499B0064E984 = {
						DevelopmentTeam = Q26RY2JMVX;
						SystemCapabilities = {
							com.apple.BackgroundModes = {
								enabled = 1;
							};
						};
					};
					F9302FDD18EE499B0064E984 = {
						TestTargetID = F9302FBC18EE499B0064E984;
					};
				};
			};
			buildConfigurationList = F9302FB818EE499B0064E984 /* Build configuration list for PBXProject "Landa" */;
			compatibilityVersion = "Xcode 3.2";
			developmentRegion = English;
			hasScannedForEncodings = 0;
			knownRegions = (
				en,
				Base,
			);
			mainGroup = F9302FB418EE499B0064E984;
			productRefGroup = F9302FBE18EE499B0064E984 /* Products */;
			projectDirPath = "";
			projectRoot = "";
			targets = (
				F9302FBC18EE499B0064E984 /* Landa */,
				F9302FDD18EE499B0064E984 /* LandaTests */,
			);
		};
/* End PBXProject section */

/* Begin PBXResourcesBuildPhase section */
		F9302FBB18EE499B0064E984 /* Resources */ = {
			isa = PBXResourcesBuildPhase;
			buildActionMask = 2147483647;
			files = (
				F95ACB10193BA6DC00E546FB /* unreadMessge.png in Resources */,
				F91FB99818F3237C00B7F8D7 /* expandR.png in Resources */,
				F9CA6561193BECFF00104DE2 /* updatesIcon.png in Resources */,
				F95ACAB5193952BF00E546FB /* tabbar.png in Resources */,
				F9CA655B193BE70300104DE2 /* landaIcon.png in Resources */,
				F9302FCB18EE499B0064E984 /* InfoPlist.strings in Resources */,
				F95ACAB2193951E600E546FB /* grayColor.jpg in Resources */,
				F95ACAAE19394FC100E546FB /* courses.png in Resources */,
				F9302FFC18EE49C00064E984 /* aiman.jpg in Resources */,
				F923C37418F0B59D0065C5EB /* c.png in Resources */,
				F9302FFB18EE49C00064E984 /* 7amed.jpg in Resources */,
				F923C38118F0C0690065C5EB /* updates.png in Resources */,
				F99B83B3193E96C90028653D /* noContact.png in Resources */,
				F923C38318F0DF320065C5EB /* expand.png in Resources */,
				F9C7AD8A192D52000086B99D /* technion.jpg in Resources */,
				F930300018EE49C00064E984 /* ward.jpg in Resources */,
				F9302FFE18EE49C00064E984 /* mothana.jpg in Resources */,
				F9CA6567193BEE3400104DE2 /* coursesTabBar.png in Resources */,
				F923C37318F0B59D0065C5EB /* algebra.jpg in Resources */,
				F973F26A19438C8F00E6776C /* flagged.png in Resources */,
				F9302FFF18EE49C00064E984 /* muhammad.jpg in Resources */,
				F9CA655F193BECC900104DE2 /* teachersIcon.png in Resources */,
				F9302FD418EE499B0064E984 /* Main.storyboard in Resources */,
				F923C37618F0B59D0065C5EB /* chimestry.jpg in Resources */,
				F923C37518F0B59D0065C5EB /* calculus.jpg in Resources */,
				F95ACAB6193952BF00E546FB /* tabbar@2x.png in Resources */,
				F91FB99D18F33E4800B7F8D7 /* navigation.jpg in Resources */,
				F9302FFD18EE49C00064E984 /* hasan.jpg in Resources */,
				F973F2681942259700E6776C /* Images.xcassets in Resources */,
				F930300918EE4E880064E984 /* thrwat.jpg in Resources */,
			);
			runOnlyForDeploymentPostprocessing = 0;
		};
		F9302FDC18EE499B0064E984 /* Resources */ = {
			isa = PBXResourcesBuildPhase;
			buildActionMask = 2147483647;
			files = (
				F9302FEA18EE499B0064E984 /* InfoPlist.strings in Resources */,
			);
			runOnlyForDeploymentPostprocessing = 0;
		};
/* End PBXResourcesBuildPhase section */

/* Begin PBXSourcesBuildPhase section */
		F9302FB918EE499B0064E984 /* Sources */ = {
			isa = PBXSourcesBuildPhase;
			buildActionMask = 2147483647;
			files = (
				F95ACAE1193A714100E546FB /* Teacher.m in Sources */,
				F91FBA6518FDAE9F00B7F8D7 /* Course+init.m in Sources */,
				F91FB99B18F33B9700B7F8D7 /* TeachersNavigationController.m in Sources */,
				F99B00ED192FDEC1006000AA /* CoursesCollectionViewCell.m in Sources */,
				F954E72B1940DA44004F0C00 /* UpdatesUITableViewCell.m in Sources */,
				F91FB9F018F4254F00B7F8D7 /* TeachersDetailsViewController.m in Sources */,
				F91FBA6218FDAB6900B7F8D7 /* Teacher+init.m in Sources */,
				F954E7101940B9D9004F0C00 /* Update.m in Sources */,
				F923C36E18F0B2D80065C5EB /* CoursesViewController.m in Sources */,
				F954E7221940D7CB004F0C00 /* SWLongPressGestureRecognizer.m in Sources */,
				F9302FCD18EE499B0064E984 /* main.m in Sources */,
				F97777421931A06400B15754 /* Reachability.m in Sources */,
				F99B00C6192EF24F006000AA /* TeacherId+init.m in Sources */,
				F95ACAF5193A99FD00E546FB /* LastRefresh.m in Sources */,
				F95ACACC193A6E8100E546FB /* Model.xcdatamodeld in Sources */,
				F954E7201940D7CB004F0C00 /* NSMutableArray+SWUtilityButtons.m in Sources */,
				F99B83D1193EB3DE0028653D /* HTMLParser.m in Sources */,
				F930300718EE4B9D0064E984 /* TeacherCollectionViewCell.m in Sources */,
				F973F26D1943A27600E6776C /* AboutViewController.m in Sources */,
				F99B00EA192FD9D0006000AA /* CoursesTableViewCell.m in Sources */,
				F91FBA4818F6011000B7F8D7 /* CoursesDetailsCollectionView.m in Sources */,
				F930300C18EE51C00064E984 /* TabBarSettingsViewController.m in Sources */,
				F930300418EE4A5C0064E984 /* TeachersViewController.m in Sources */,
				F99B83D0193EB3DE0028653D /* HTMLNode.m in Sources */,
				F9302FD118EE499B0064E984 /* LandaAppDelegate.m in Sources */,
				F923C37918F0BCD80065C5EB /* UpdatesViewController.m in Sources */,
				F99B83B1193E91420028653D /* Course.m in Sources */,
				F954E6A7193FAFF0004F0C00 /* HelpFunc.m in Sources */,
				F954E7231940D7CB004F0C00 /* SWTableViewCell.m in Sources */,
				F954E7241940D7CB004F0C00 /* SWUtilityButtonTapGestureRecognizer.m in Sources */,
				F96916B519292E3E00A569FA /* Update+init.m in Sources */,
				F954E7251940D7CB004F0C00 /* SWUtilityButtonView.m in Sources */,
				F95ACAED193A8F2100E546FB /* LastRefresh+init.m in Sources */,
				F9A47077191EEBAF00420260 /* UpdatesContentViewController.m in Sources */,
				F95ACADE193A714100E546FB /* TeacherId.m in Sources */,
				F954E7211940D7CB004F0C00 /* SWCellScrollView.m in Sources */,
			);
			runOnlyForDeploymentPostprocessing = 0;
		};
		F9302FDA18EE499B0064E984 /* Sources */ = {
			isa = PBXSourcesBuildPhase;
			buildActionMask = 2147483647;
			files = (
				F9302FEC18EE499B0064E984 /* LandaTests.m in Sources */,
			);
			runOnlyForDeploymentPostprocessing = 0;
		};
/* End PBXSourcesBuildPhase section */

/* Begin PBXTargetDependency section */
		F9302FE418EE499B0064E984 /* PBXTargetDependency */ = {
			isa = PBXTargetDependency;
			target = F9302FBC18EE499B0064E984 /* Landa */;
			targetProxy = F9302FE318EE499B0064E984 /* PBXContainerItemProxy */;
		};
/* End PBXTargetDependency section */

/* Begin PBXVariantGroup section */
		F9302FC918EE499B0064E984 /* InfoPlist.strings */ = {
			isa = PBXVariantGroup;
			children = (
				F9302FCA18EE499B0064E984 /* en */,
			);
			name = InfoPlist.strings;
			sourceTree = "<group>";
		};
		F9302FD218EE499B0064E984 /* Main.storyboard */ = {
			isa = PBXVariantGroup;
			children = (
				F9302FD318EE499B0064E984 /* Base */,
			);
			name = Main.storyboard;
			sourceTree = "<group>";
		};
		F9302FE818EE499B0064E984 /* InfoPlist.strings */ = {
			isa = PBXVariantGroup;
			children = (
				F9302FE918EE499B0064E984 /* en */,
			);
			name = InfoPlist.strings;
			sourceTree = "<group>";
		};
/* End PBXVariantGroup section */

/* Begin XCBuildConfiguration section */
		F9302FED18EE499B0064E984 /* Debug */ = {
			isa = XCBuildConfiguration;
			buildSettings = {
				ALWAYS_SEARCH_USER_PATHS = NO;
				CLANG_CXX_LANGUAGE_STANDARD = "gnu++0x";
				CLANG_CXX_LIBRARY = "libc++";
				CLANG_ENABLE_MODULES = YES;
				CLANG_ENABLE_OBJC_ARC = YES;
				CLANG_WARN_BOOL_CONVERSION = YES;
				CLANG_WARN_CONSTANT_CONVERSION = YES;
				CLANG_WARN_DIRECT_OBJC_ISA_USAGE = YES_ERROR;
				CLANG_WARN_EMPTY_BODY = YES;
				CLANG_WARN_ENUM_CONVERSION = YES;
				CLANG_WARN_INT_CONVERSION = YES;
				CLANG_WARN_OBJC_ROOT_CLASS = YES_ERROR;
				CLANG_WARN__DUPLICATE_METHOD_MATCH = YES;
				"CODE_SIGN_IDENTITY[sdk=iphoneos*]" = "iPhone Developer";
				COPY_PHASE_STRIP = NO;
				GCC_C_LANGUAGE_STANDARD = gnu99;
				GCC_DYNAMIC_NO_PIC = NO;
				GCC_OPTIMIZATION_LEVEL = 0;
				GCC_PREPROCESSOR_DEFINITIONS = (
					"DEBUG=1",
					"$(inherited)",
				);
				GCC_SYMBOLS_PRIVATE_EXTERN = NO;
				GCC_WARN_64_TO_32_BIT_CONVERSION = YES;
				GCC_WARN_ABOUT_RETURN_TYPE = YES_ERROR;
				GCC_WARN_UNDECLARED_SELECTOR = YES;
				GCC_WARN_UNINITIALIZED_AUTOS = YES_AGGRESSIVE;
				GCC_WARN_UNUSED_FUNCTION = YES;
				GCC_WARN_UNUSED_VARIABLE = YES;
				IPHONEOS_DEPLOYMENT_TARGET = 7.1;
				ONLY_ACTIVE_ARCH = YES;
				SDKROOT = iphoneos;
			};
			name = Debug;
		};
		F9302FEE18EE499B0064E984 /* Release */ = {
			isa = XCBuildConfiguration;
			buildSettings = {
				ALWAYS_SEARCH_USER_PATHS = NO;
				CLANG_CXX_LANGUAGE_STANDARD = "gnu++0x";
				CLANG_CXX_LIBRARY = "libc++";
				CLANG_ENABLE_MODULES = YES;
				CLANG_ENABLE_OBJC_ARC = YES;
				CLANG_WARN_BOOL_CONVERSION = YES;
				CLANG_WARN_CONSTANT_CONVERSION = YES;
				CLANG_WARN_DIRECT_OBJC_ISA_USAGE = YES_ERROR;
				CLANG_WARN_EMPTY_BODY = YES;
				CLANG_WARN_ENUM_CONVERSION = YES;
				CLANG_WARN_INT_CONVERSION = YES;
				CLANG_WARN_OBJC_ROOT_CLASS = YES_ERROR;
				CLANG_WARN__DUPLICATE_METHOD_MATCH = YES;
				"CODE_SIGN_IDENTITY[sdk=iphoneos*]" = "iPhone Developer";
				COPY_PHASE_STRIP = YES;
				ENABLE_NS_ASSERTIONS = NO;
				GCC_C_LANGUAGE_STANDARD = gnu99;
				GCC_WARN_64_TO_32_BIT_CONVERSION = YES;
				GCC_WARN_ABOUT_RETURN_TYPE = YES_ERROR;
				GCC_WARN_UNDECLARED_SELECTOR = YES;
				GCC_WARN_UNINITIALIZED_AUTOS = YES_AGGRESSIVE;
				GCC_WARN_UNUSED_FUNCTION = YES;
				GCC_WARN_UNUSED_VARIABLE = YES;
				IPHONEOS_DEPLOYMENT_TARGET = 7.1;
				SDKROOT = iphoneos;
				VALIDATE_PRODUCT = YES;
			};
			name = Release;
		};
		F9302FF018EE499B0064E984 /* Debug */ = {
			isa = XCBuildConfiguration;
			buildSettings = {
				ASSETCATALOG_COMPILER_APPICON_NAME = AppIcon;
				ASSETCATALOG_COMPILER_LAUNCHIMAGE_NAME = LaunchImage;
				CODE_SIGN_IDENTITY = "iPhone Developer: muhammad abed el razek (UH6JC85963)";
				FRAMEWORK_SEARCH_PATHS = (
					"$(inherited)",
					"$(PROJECT_DIR)",
				);
				GCC_PRECOMPILE_PREFIX_HEADER = YES;
				GCC_PREFIX_HEADER = "Landa/Landa-Prefix.pch";
				HEADER_SEARCH_PATHS = (
					"$(inherited)",
					/Applications/Xcode.app/Contents/Developer/Toolchains/XcodeDefault.xctoolchain/usr/include,
					"$(SDKROOT)/usr/include/libxml2",
				);
				INFOPLIST_FILE = "Landa/Landa-Info.plist";
				IPHONEOS_DEPLOYMENT_TARGET = 7.0;
				PRODUCT_NAME = "$(TARGET_NAME)";
				WRAPPER_EXTENSION = app;
			};
			name = Debug;
		};
		F9302FF118EE499B0064E984 /* Release */ = {
			isa = XCBuildConfiguration;
			buildSettings = {
				ASSETCATALOG_COMPILER_APPICON_NAME = AppIcon;
				ASSETCATALOG_COMPILER_LAUNCHIMAGE_NAME = LaunchImage;
				CODE_SIGN_IDENTITY = "iPhone Developer: muhammad abed el razek (UH6JC85963)";
				FRAMEWORK_SEARCH_PATHS = (
					"$(inherited)",
					"$(PROJECT_DIR)",
				);
				GCC_PRECOMPILE_PREFIX_HEADER = YES;
				GCC_PREFIX_HEADER = "Landa/Landa-Prefix.pch";
				HEADER_SEARCH_PATHS = (
					"$(inherited)",
					/Applications/Xcode.app/Contents/Developer/Toolchains/XcodeDefault.xctoolchain/usr/include,
					"$(SDKROOT)/usr/include/libxml2",
				);
				INFOPLIST_FILE = "Landa/Landa-Info.plist";
				IPHONEOS_DEPLOYMENT_TARGET = 7.0;
				ONLY_ACTIVE_ARCH = NO;
				PRODUCT_NAME = "$(TARGET_NAME)";
				WRAPPER_EXTENSION = app;
			};
			name = Release;
		};
		F9302FF318EE499B0064E984 /* Debug */ = {
			isa = XCBuildConfiguration;
			buildSettings = {
				BUNDLE_LOADER = "$(BUILT_PRODUCTS_DIR)/Landa.app/Landa";
				FRAMEWORK_SEARCH_PATHS = (
					"$(SDKROOT)/Developer/Library/Frameworks",
					"$(inherited)",
					"$(DEVELOPER_FRAMEWORKS_DIR)",
				);
				GCC_PRECOMPILE_PREFIX_HEADER = YES;
				GCC_PREFIX_HEADER = "Landa/Landa-Prefix.pch";
				GCC_PREPROCESSOR_DEFINITIONS = (
					"DEBUG=1",
					"$(inherited)",
				);
				INFOPLIST_FILE = "LandaTests/LandaTests-Info.plist";
				PRODUCT_NAME = "$(TARGET_NAME)";
				TEST_HOST = "$(BUNDLE_LOADER)";
				WRAPPER_EXTENSION = xctest;
			};
			name = Debug;
		};
		F9302FF418EE499B0064E984 /* Release */ = {
			isa = XCBuildConfiguration;
			buildSettings = {
				BUNDLE_LOADER = "$(BUILT_PRODUCTS_DIR)/Landa.app/Landa";
				FRAMEWORK_SEARCH_PATHS = (
					"$(SDKROOT)/Developer/Library/Frameworks",
					"$(inherited)",
					"$(DEVELOPER_FRAMEWORKS_DIR)",
				);
				GCC_PRECOMPILE_PREFIX_HEADER = YES;
				GCC_PREFIX_HEADER = "Landa/Landa-Prefix.pch";
				INFOPLIST_FILE = "LandaTests/LandaTests-Info.plist";
				PRODUCT_NAME = "$(TARGET_NAME)";
				TEST_HOST = "$(BUNDLE_LOADER)";
				WRAPPER_EXTENSION = xctest;
			};
			name = Release;
		};
/* End XCBuildConfiguration section */

/* Begin XCConfigurationList section */
		F9302FB818EE499B0064E984 /* Build configuration list for PBXProject "Landa" */ = {
			isa = XCConfigurationList;
			buildConfigurations = (
				F9302FED18EE499B0064E984 /* Debug */,
				F9302FEE18EE499B0064E984 /* Release */,
			);
			defaultConfigurationIsVisible = 0;
			defaultConfigurationName = Release;
		};
		F9302FEF18EE499B0064E984 /* Build configuration list for PBXNativeTarget "Landa" */ = {
			isa = XCConfigurationList;
			buildConfigurations = (
				F9302FF018EE499B0064E984 /* Debug */,
				F9302FF118EE499B0064E984 /* Release */,
			);
			defaultConfigurationIsVisible = 0;
			defaultConfigurationName = Release;
		};
		F9302FF218EE499B0064E984 /* Build configuration list for PBXNativeTarget "LandaTests" */ = {
			isa = XCConfigurationList;
			buildConfigurations = (
				F9302FF318EE499B0064E984 /* Debug */,
				F9302FF418EE499B0064E984 /* Release */,
			);
			defaultConfigurationIsVisible = 0;
			defaultConfigurationName = Release;
		};
/* End XCConfigurationList section */

/* Begin XCVersionGroup section */
		F95ACACA193A6E8100E546FB /* Model.xcdatamodeld */ = {
			isa = XCVersionGroup;
			children = (
				F95ACACB193A6E8100E546FB /* Model.xcdatamodel */,
			);
			currentVersion = F95ACACB193A6E8100E546FB /* Model.xcdatamodel */;
			name = Model.xcdatamodeld;
			path = ../Model.xcdatamodeld;
			sourceTree = "<group>";
			versionGroupType = wrapper.xcdatamodel;
		};
/* End XCVersionGroup section */
	};
	rootObject = F9302FB518EE499B0064E984 /* Project object */;
}
